<?xml version="1.0" encoding="utf-8"?>
<Project ToolsVersion="4.0" xmlns="http://schemas.microsoft.com/developer/msbuild/2003">
  <ItemGroup>
    <Filter Include="Source Files">
      <UniqueIdentifier>{4FC737F1-C7A5-4376-A066-2A32D752A2FF}</UniqueIdentifier>
      <Extensions>cpp;c;cc;cxx;def;odl;idl;hpj;bat;asm;asmx</Extensions>
    </Filter>
    <Filter Include="Header Files">
      <UniqueIdentifier>{93995380-89BD-4b04-88EB-625FBE52EBFB}</UniqueIdentifier>
      <Extensions>h;hpp;hxx;hm;inl;inc;xsd</Extensions>
    </Filter>
    <Filter Include="Resource Files">
      <UniqueIdentifier>{67DA6AB6-F800-4c08-8B7A-83BB121AAD01}</UniqueIdentifier>
      <Extensions>rc;ico;cur;bmp;dlg;rc2;rct;bin;rgs;gif;jpg;jpeg;jpe;resx;tiff;tif;png;wav</Extensions>
    </Filter>
  </ItemGroup>
  <ItemGroup>
    <ClCompile Include="Source\Dll.cpp">
      <Filter>Source Files</Filter>
    </ClCompile>
    <ClCompile Include="Source\ExampleAIModule.cpp">
      <Filter>Source Files</Filter>
    </ClCompile>
    <ClCompile Include="..\include\BWAM\ArmyTasks\Specific\Idle.cpp">
      <Filter>Source Files</Filter>
    </ClCompile>
    <ClCompile Include="..\include\BWAM\ArmyTasks\Specific\Rush.cpp">
      <Filter>Source Files</Filter>
    </ClCompile>
    <ClCompile Include="..\include\BWAM\ArmyTasks\Specific\SpecificArmyTasks.cpp">
      <Filter>Source Files</Filter>
    </ClCompile>
    <ClCompile Include="..\include\BWAM\ArmyTasks\ArmyTask.cpp">
      <Filter>Source Files</Filter>
    </ClCompile>
    <ClCompile Include="..\include\BWAM\Squadron.cpp">
      <Filter>Source Files</Filter>
    </ClCompile>
    <ClCompile Include="..\include\BWHM\HighManager.cpp">
      <Filter>Source Files</Filter>
    </ClCompile>
    <ClCompile Include="..\include\BWTM\Task.cpp">
      <Filter>Source Files</Filter>
    </ClCompile>
    <ClCompile Include="..\include\BWTM\TaskList.cpp">
      <Filter>Source Files</Filter>
    </ClCompile>
    <ClCompile Include="..\include\BWTM\TaskManager.cpp">
      <Filter>Source Files</Filter>
    </ClCompile>
    <ClCompile Include="..\include\BWTM\usefulThings.cpp">
      <Filter>Source Files</Filter>
    </ClCompile>
    <ClCompile Include="..\include\BWTM\BuildingPlacer.cpp">
      <Filter>Source Files</Filter>
    </ClCompile>
    <ClCompile Include="..\include\BWWM\MiningBase.cpp">
      <Filter>Source Files</Filter>
    </ClCompile>
    <ClCompile Include="..\include\BWWM\Refinery.cpp">
      <Filter>Source Files</Filter>
    </ClCompile>
    <ClCompile Include="..\include\BWWM\WorkerManager.cpp">
      <Filter>Source Files</Filter>
    </ClCompile>
    <ClCompile Include="..\include\BWAM\Fireteams\Fireteam.cpp">
      <Filter>Source Files</Filter>
    </ClCompile>
    <ClCompile Include="..\include\BWAM\Fireteams\Specific\Terran_Marine_Fireteam.cpp">
      <Filter>Source Files</Filter>
    </ClCompile>
    <ClCompile Include="..\include\BWAM\Fireteams\Specific\Terran_Medic_Fireteam.cpp">
      <Filter>Source Files</Filter>
    </ClCompile>
    <ClCompile Include="..\include\BWAM\ArmyTasks\Specific\MoveOut.cpp">
      <Filter>Source Files</Filter>
    </ClCompile>
    <ClCompile Include="..\include\BWAM\ArmyTasks\Specific\Reinforce.cpp">
      <Filter>Source Files</Filter>
    </ClCompile>
    <ClCompile Include="..\include\BWPM\ProductionDetails.cpp">
      <Filter>Source Files</Filter>
    </ClCompile>
    <ClCompile Include="..\include\BWPM\ProductionManager.cpp">
      <Filter>Source Files</Filter>
    </ClCompile>
    <ClCompile Include="..\include\BWPM\ProductionOrder.cpp">
      <Filter>Source Files</Filter>
    </ClCompile>
    <ClCompile Include="..\include\BWSM\EnemyInfo.cpp">
      <Filter>Source Files</Filter>
    </ClCompile>
    <ClCompile Include="..\include\BWSM\EnemyRegion.cpp">
      <Filter>Source Files</Filter>
    </ClCompile>
    <ClCompile Include="..\include\BWSM\ScoutTaskManager.cpp">
      <Filter>Source Files</Filter>
    </ClCompile>
    <ClCompile Include="..\include\BWAM\Fireteams\Specific\Terran_Siege_Tank_Fireteam.cpp">
      <Filter>Source Files</Filter>
    </ClCompile>
    <ClCompile Include="..\include\BWAM\ArmyModule.cpp">
      <Filter>Source Files</Filter>
    </ClCompile>
    <ClCompile Include="..\include\BWPM\ProductionModule.cpp">
      <Filter>Source Files</Filter>
    </ClCompile>
    <ClCompile Include="..\include\BWSM\ScoutingModule.cpp">
      <Filter>Source Files</Filter>
    </ClCompile>
    <ClCompile Include="..\include\AIUtilities.cpp">
      <Filter>Source Files</Filter>
    </ClCompile>
    <ClCompile Include="..\include\BWAM\ArmyTasks\Specific\Attack.cpp">
      <Filter>Source Files</Filter>
    </ClCompile>
  </ItemGroup>
  <ItemGroup>
    <ClInclude Include="Source\ExampleAIModule.h">
      <Filter>Header Files</Filter>
    </ClInclude>
    <ClInclude Include="..\include\BWAM\Squadron.h">
      <Filter>Header Files</Filter>
    </ClInclude>
    <ClInclude Include="..\include\BWAM\ArmyTasks\ArmyTask.h">
      <Filter>Header Files</Filter>
    </ClInclude>
    <ClInclude Include="..\include\BWAM\ArmyTasks\Specific\SpecificArmyTasks.h">
      <Filter>Header Files</Filter>
    </ClInclude>
    <ClInclude Include="..\include\BWHM\HighManager.h">
      <Filter>Header Files</Filter>
    </ClInclude>
    <ClInclude Include="..\include\BWTM\BuildingPlacer.h">
      <Filter>Header Files</Filter>
    </ClInclude>
    <ClInclude Include="..\include\BWTM\RectangleArray.h">
      <Filter>Header Files</Filter>
    </ClInclude>
    <ClInclude Include="..\include\BWTM\Task.h">
      <Filter>Header Files</Filter>
    </ClInclude>
    <ClInclude Include="..\include\BWTM\TaskList.h">
      <Filter>Header Files</Filter>
    </ClInclude>
    <ClInclude Include="..\include\BWTM\TaskManager.h">
      <Filter>Header Files</Filter>
    </ClInclude>
    <ClInclude Include="..\include\BWTM\usefulThings.h">
      <Filter>Header Files</Filter>
    </ClInclude>
    <ClInclude Include="..\include\BWWM\MiningBase.h">
      <Filter>Header Files</Filter>
    </ClInclude>
    <ClInclude Include="..\include\BWWM\Refinery.h">
      <Filter>Header Files</Filter>
    </ClInclude>
    <ClInclude Include="..\include\BWWM\WorkerManager.h">
      <Filter>Header Files</Filter>
    </ClInclude>
    <ClInclude Include="..\include\BWAM\Fireteams\Specific\SpecificFireteams.h">
      <Filter>Header Files</Filter>
    </ClInclude>
    <ClInclude Include="..\include\BWAM\Fireteams\Fireteam.h">
      <Filter>Header Files</Filter>
    </ClInclude>
    <ClInclude Include="..\include\BWSM\EnemyInfo.h">
      <Filter>Header Files</Filter>
    </ClInclude>
    <ClInclude Include="..\include\BWSM\EnemyRegion.h">
      <Filter>Header Files</Filter>
    </ClInclude>
    <ClInclude Include="..\include\BWSM\ScoutTaskManager.h">
      <Filter>Header Files</Filter>
    </ClInclude>
    <ClInclude Include="..\include\BWPM\ProductionOrder.h">
      <Filter>Header Files</Filter>
    </ClInclude>
    <ClInclude Include="..\include\BWPM\ProductionManager.h">
      <Filter>Header Files</Filter>
    </ClInclude>
    <ClInclude Include="..\include\BWPM\ProductionDetails.h">
      <Filter>Header Files</Filter>
    </ClInclude>
    <ClInclude Include="..\include\BWAM\ArmyModule.h">
      <Filter>Header Files</Filter>
    </ClInclude>
    <ClInclude Include="..\include\BWPM\ProductionModule.h">
      <Filter>Header Files</Filter>
    </ClInclude>
    <ClInclude Include="..\include\BWSM\ScoutingModule.h">
      <Filter>Header Files</Filter>
    </ClInclude>
    <ClInclude Include="..\include\AIUtilities.h">
      <Filter>Header Files</Filter>
    </ClInclude>
  </ItemGroup>
</Project>